
Microsoft Visual Studio Solution File, Format Version 12.00
# Visual Studio Version 16
VisualStudioVersion = 16.0.35731.53
MinimumVisualStudioVersion = 10.0.40219.1
Project("{F184B08F-C81C-45F6-A57F-5ABD9991F28F}") = "Collatz Conjecture", "Collatz Conjecture.vbproj", "{A10C9707-C22B-4C0C-AE9B-EF6622F96B8B}"
EndProject
Global
	GlobalSection(SolutionConfigurationPlatforms) = preSolution
		Debug|Any CPU = Debug|Any CPU
		Release|Any CPU = Release|Any CPU
	EndGlobalSection
	GlobalSection(ProjectConfigurationPlatforms) = postSolution
		{A10C9707-C22B-4C0C-AE9B-EF6622F96B8B}.Debug|Any CPU.ActiveCfg = Debug|Any CPU
		{A10C9707-C22B-4C0C-AE9B-EF6622F96B8B}.Debug|Any CPU.Build.0 = Debug|Any CPU
		{A10C9707-C22B-4C0C-AE9B-EF6622F96B8B}.Release|Any CPU.ActiveCfg = Release|Any CPU
		{A10C9707-C22B-4C0C-AE9B-EF6622F96B8B}.Release|Any CPU.Build.0 = Release|Any CPU
	EndGlobalSection
	GlobalSection(SolutionProperties) = preSolution
		HideSolutionNode = FALSE
	EndGlobalSection
	GlobalSection(ExtensibilityGlobals) = postSolution
		SolutionGuid = {0984F737-9EB2-4AE4-888E-D7E24472251E}
	EndGlobalSection
EndGlobal
